// !$*UTF8*$!
{
	archiveVersion = 1;
	classes = {
	};
	objectVersion = 50;
	objects = {

/* Begin PBXBuildFile section */
		0C8CDED867CC11C62EF709E7 /* Pods_PostMishone.framework in Frameworks */ = {isa = PBXBuildFile; fileRef = ED0D737BD60431C697C0D242 /* Pods_PostMishone.framework */; };
		57B53330218EE2CD004C89B4 /* MissionDescriptionViewController.swift in Sources */ = {isa = PBXBuildFile; fileRef = 57B5332F218EE2CD004C89B4 /* MissionDescriptionViewController.swift */; };
		57B533322192D743004C89B4 /* BaseTabBarController.swift in Sources */ = {isa = PBXBuildFile; fileRef = 57B533312192D743004C89B4 /* BaseTabBarController.swift */; };
		57B533342192DCD6004C89B4 /* Main.storyboard in Resources */ = {isa = PBXBuildFile; fileRef = 57B533332192DCD6004C89B4 /* Main.storyboard */; };
		57B533382192ECBB004C89B4 /* MissionsTableViewController.swift in Sources */ = {isa = PBXBuildFile; fileRef = 57B533372192ECBB004C89B4 /* MissionsTableViewController.swift */; };
		57B5333A2192F1E4004C89B4 /* MyMissionsTableViewController.swift in Sources */ = {isa = PBXBuildFile; fileRef = 57B533392192F1E4004C89B4 /* MyMissionsTableViewController.swift */; };
		57DA65E42173628C008B9E06 /* AppDelegate.swift in Sources */ = {isa = PBXBuildFile; fileRef = 57DA65E32173628C008B9E06 /* AppDelegate.swift */; };
		57DA65E62173628C008B9E06 /* ViewController.swift in Sources */ = {isa = PBXBuildFile; fileRef = 57DA65E52173628C008B9E06 /* ViewController.swift */; };
		57DA65EB2173628E008B9E06 /* Assets.xcassets in Resources */ = {isa = PBXBuildFile; fileRef = 57DA65EA2173628E008B9E06 /* Assets.xcassets */; };
		57DA65EE2173628E008B9E06 /* LaunchScreen.storyboard in Resources */ = {isa = PBXBuildFile; fileRef = 57DA65EC2173628E008B9E06 /* LaunchScreen.storyboard */; };
		57DA65FA21736532008B9E06 /* MainNavigationController.swift in Sources */ = {isa = PBXBuildFile; fileRef = 57DA65F921736532008B9E06 /* MainNavigationController.swift */; };
		57DA65FC21736538008B9E06 /* LoginViewController.swift in Sources */ = {isa = PBXBuildFile; fileRef = 57DA65FB21736538008B9E06 /* LoginViewController.swift */; };
		57DA66002173716D008B9E06 /* RegisterViewController.swift in Sources */ = {isa = PBXBuildFile; fileRef = 57DA65FF2173716D008B9E06 /* RegisterViewController.swift */; };
		57DA66052173E27C008B9E06 /* MainAppScreen.swift in Sources */ = {isa = PBXBuildFile; fileRef = 57DA66042173E27C008B9E06 /* MainAppScreen.swift */; };
		57DA66072173E71A008B9E06 /* MainViewController.swift in Sources */ = {isa = PBXBuildFile; fileRef = 57DA66062173E71A008B9E06 /* MainViewController.swift */; };
		57DA660B2173F0FD008B9E06 /* SettingsViewController.swift in Sources */ = {isa = PBXBuildFile; fileRef = 57DA660A2173F0FD008B9E06 /* SettingsViewController.swift */; };
		57DA66172174320C008B9E06 /* DescribeMissionViewController.swift in Sources */ = {isa = PBXBuildFile; fileRef = 57DA66162174320C008B9E06 /* DescribeMissionViewController.swift */; };
		6C472E5521A0DD37004BF060 /* GoogleService-Info.plist in Resources */ = {isa = PBXBuildFile; fileRef = 6C472E5421A0DD37004BF060 /* GoogleService-Info.plist */; };
		9220982BE701735AA6F3FAF5 /* Pods_PostMishoneTests.framework in Frameworks */ = {isa = PBXBuildFile; fileRef = E75CF88EFF3AB5CFF13D3D2D /* Pods_PostMishoneTests.framework */; };
		9833811821A9DB43007C1673 /* Extensions.swift in Sources */ = {isa = PBXBuildFile; fileRef = 9833811721A9DB42007C1673 /* Extensions.swift */; };
		9833811A21A9E316007C1673 /* UserCell.swift in Sources */ = {isa = PBXBuildFile; fileRef = 9833811921A9E316007C1673 /* UserCell.swift */; };
		98338A2B21A5E93800BB31D0 /* ChatTableViewController.swift in Sources */ = {isa = PBXBuildFile; fileRef = 98338A2A21A5E93800BB31D0 /* ChatTableViewController.swift */; };
		98338A2D21A5F5E300BB31D0 /* NewMessageTableViewController.swift in Sources */ = {isa = PBXBuildFile; fileRef = 98338A2C21A5F5E300BB31D0 /* NewMessageTableViewController.swift */; };
		98338A2F21A60BBC00BB31D0 /* ChatLogViewController.swift in Sources */ = {isa = PBXBuildFile; fileRef = 98338A2E21A60BBC00BB31D0 /* ChatLogViewController.swift */; };
/* End PBXBuildFile section */

/* Begin PBXContainerItemProxy section */
		6C43459A21A1000A00B82FCB /* PBXContainerItemProxy */ = {
			isa = PBXContainerItemProxy;
			containerPortal = 57DA65D82173628C008B9E06 /* Project object */;
			proxyType = 1;
			remoteGlobalIDString = 57DA65DF2173628C008B9E06;
			remoteInfo = PostMishone;
		};
/* End PBXContainerItemProxy section */

/* Begin PBXFileReference section */
		085D46E870176043DAA2868A /* Pods-PostMishoneTests.debug.xcconfig */ = {isa = PBXFileReference; includeInIndex = 1; lastKnownFileType = text.xcconfig; name = "Pods-PostMishoneTests.debug.xcconfig"; path = "Pods/Target Support Files/Pods-PostMishoneTests/Pods-PostMishoneTests.debug.xcconfig"; sourceTree = "<group>"; };
		43CF2668F6CC1F0322346541 /* Pods-PostMishoneTests.release.xcconfig */ = {isa = PBXFileReference; includeInIndex = 1; lastKnownFileType = text.xcconfig; name = "Pods-PostMishoneTests.release.xcconfig"; path = "Pods/Target Support Files/Pods-PostMishoneTests/Pods-PostMishoneTests.release.xcconfig"; sourceTree = "<group>"; };
		57B5332F218EE2CD004C89B4 /* MissionDescriptionViewController.swift */ = {isa = PBXFileReference; lastKnownFileType = sourcecode.swift; path = MissionDescriptionViewController.swift; sourceTree = "<group>"; };
		57B533312192D743004C89B4 /* BaseTabBarController.swift */ = {isa = PBXFileReference; lastKnownFileType = sourcecode.swift; path = BaseTabBarController.swift; sourceTree = "<group>"; };
		57B533332192DCD6004C89B4 /* Main.storyboard */ = {isa = PBXFileReference; fileEncoding = 4; lastKnownFileType = file.storyboard; path = Main.storyboard; sourceTree = "<group>"; };
		57B533372192ECBB004C89B4 /* MissionsTableViewController.swift */ = {isa = PBXFileReference; lastKnownFileType = sourcecode.swift; path = MissionsTableViewController.swift; sourceTree = "<group>"; };
		57B533392192F1E4004C89B4 /* MyMissionsTableViewController.swift */ = {isa = PBXFileReference; lastKnownFileType = sourcecode.swift; path = MyMissionsTableViewController.swift; sourceTree = "<group>"; };
		57DA65E02173628C008B9E06 /* PostMishone.app */ = {isa = PBXFileReference; explicitFileType = wrapper.application; includeInIndex = 0; path = PostMishone.app; sourceTree = BUILT_PRODUCTS_DIR; };
		57DA65E32173628C008B9E06 /* AppDelegate.swift */ = {isa = PBXFileReference; lastKnownFileType = sourcecode.swift; path = AppDelegate.swift; sourceTree = "<group>"; };
		57DA65E52173628C008B9E06 /* ViewController.swift */ = {isa = PBXFileReference; lastKnownFileType = sourcecode.swift; path = ViewController.swift; sourceTree = "<group>"; };
		57DA65EA2173628E008B9E06 /* Assets.xcassets */ = {isa = PBXFileReference; lastKnownFileType = folder.assetcatalog; path = Assets.xcassets; sourceTree = "<group>"; };
		57DA65ED2173628E008B9E06 /* Base */ = {isa = PBXFileReference; lastKnownFileType = file.storyboard; name = Base; path = Base.lproj/LaunchScreen.storyboard; sourceTree = "<group>"; };
		57DA65EF2173628E008B9E06 /* Info.plist */ = {isa = PBXFileReference; lastKnownFileType = text.plist.xml; path = Info.plist; sourceTree = "<group>"; };
		57DA65F921736532008B9E06 /* MainNavigationController.swift */ = {isa = PBXFileReference; fileEncoding = 4; lastKnownFileType = sourcecode.swift; path = MainNavigationController.swift; sourceTree = "<group>"; };
		57DA65FB21736538008B9E06 /* LoginViewController.swift */ = {isa = PBXFileReference; fileEncoding = 4; lastKnownFileType = sourcecode.swift; path = LoginViewController.swift; sourceTree = "<group>"; };
		57DA65FF2173716D008B9E06 /* RegisterViewController.swift */ = {isa = PBXFileReference; lastKnownFileType = sourcecode.swift; path = RegisterViewController.swift; sourceTree = "<group>"; };
		57DA66032173DCFE008B9E06 /* PostMishone.entitlements */ = {isa = PBXFileReference; lastKnownFileType = text.plist.entitlements; path = PostMishone.entitlements; sourceTree = "<group>"; };
		57DA66042173E27C008B9E06 /* MainAppScreen.swift */ = {isa = PBXFileReference; lastKnownFileType = sourcecode.swift; path = MainAppScreen.swift; sourceTree = "<group>"; };
		57DA66062173E71A008B9E06 /* MainViewController.swift */ = {isa = PBXFileReference; lastKnownFileType = sourcecode.swift; path = MainViewController.swift; sourceTree = "<group>"; };
		57DA660A2173F0FD008B9E06 /* SettingsViewController.swift */ = {isa = PBXFileReference; lastKnownFileType = sourcecode.swift; path = SettingsViewController.swift; sourceTree = "<group>"; };
		57DA66162174320C008B9E06 /* DescribeMissionViewController.swift */ = {isa = PBXFileReference; lastKnownFileType = sourcecode.swift; path = DescribeMissionViewController.swift; sourceTree = "<group>"; };
		6C43459521A1000A00B82FCB /* PostMishoneTests.xctest */ = {isa = PBXFileReference; explicitFileType = wrapper.cfbundle; includeInIndex = 0; path = PostMishoneTests.xctest; sourceTree = BUILT_PRODUCTS_DIR; };
		6C472E5421A0DD37004BF060 /* GoogleService-Info.plist */ = {isa = PBXFileReference; fileEncoding = 4; lastKnownFileType = text.plist.xml; path = "GoogleService-Info.plist"; sourceTree = "<group>"; };
		9833811721A9DB42007C1673 /* Extensions.swift */ = {isa = PBXFileReference; lastKnownFileType = sourcecode.swift; name = Extensions.swift; path = /Users/tiffany/Downloads/CPEN321/postmishoneIOSAPP/PostMishone/Extensions.swift; sourceTree = "<absolute>"; };
		9833811921A9E316007C1673 /* UserCell.swift */ = {isa = PBXFileReference; lastKnownFileType = sourcecode.swift; path = UserCell.swift; sourceTree = "<group>"; };
		98338A2A21A5E93800BB31D0 /* ChatTableViewController.swift */ = {isa = PBXFileReference; lastKnownFileType = sourcecode.swift; path = ChatTableViewController.swift; sourceTree = "<group>"; };
		98338A2C21A5F5E300BB31D0 /* NewMessageTableViewController.swift */ = {isa = PBXFileReference; lastKnownFileType = sourcecode.swift; path = NewMessageTableViewController.swift; sourceTree = "<group>"; };
		98338A2E21A60BBC00BB31D0 /* ChatLogViewController.swift */ = {isa = PBXFileReference; lastKnownFileType = sourcecode.swift; path = ChatLogViewController.swift; sourceTree = "<group>"; };
		A5CAC99B488AF4732501837D /* Pods-PostMishone.release.xcconfig */ = {isa = PBXFileReference; includeInIndex = 1; lastKnownFileType = text.xcconfig; name = "Pods-PostMishone.release.xcconfig"; path = "Pods/Target Support Files/Pods-PostMishone/Pods-PostMishone.release.xcconfig"; sourceTree = "<group>"; };
		CCA40B5F46E43CAFFE6669BA /* Pods-PostMishone.debug.xcconfig */ = {isa = PBXFileReference; includeInIndex = 1; lastKnownFileType = text.xcconfig; name = "Pods-PostMishone.debug.xcconfig"; path = "Pods/Target Support Files/Pods-PostMishone/Pods-PostMishone.debug.xcconfig"; sourceTree = "<group>"; };
		E75CF88EFF3AB5CFF13D3D2D /* Pods_PostMishoneTests.framework */ = {isa = PBXFileReference; explicitFileType = wrapper.framework; includeInIndex = 0; path = Pods_PostMishoneTests.framework; sourceTree = BUILT_PRODUCTS_DIR; };
		ED0D737BD60431C697C0D242 /* Pods_PostMishone.framework */ = {isa = PBXFileReference; explicitFileType = wrapper.framework; includeInIndex = 0; path = Pods_PostMishone.framework; sourceTree = BUILT_PRODUCTS_DIR; };
/* End PBXFileReference section */

/* Begin PBXFrameworksBuildPhase section */
		57DA65DD2173628C008B9E06 /* Frameworks */ = {
			isa = PBXFrameworksBuildPhase;
			buildActionMask = 2147483647;
			files = (
				0C8CDED867CC11C62EF709E7 /* Pods_PostMishone.framework in Frameworks */,
			);
			runOnlyForDeploymentPostprocessing = 0;
		};
		6C43459221A1000A00B82FCB /* Frameworks */ = {
			isa = PBXFrameworksBuildPhase;
			buildActionMask = 2147483647;
			files = (
				9220982BE701735AA6F3FAF5 /* Pods_PostMishoneTests.framework in Frameworks */,
			);
			runOnlyForDeploymentPostprocessing = 0;
		};
/* End PBXFrameworksBuildPhase section */

/* Begin PBXGroup section */
		57DA65D72173628C008B9E06 = {
			isa = PBXGroup;
			children = (
				57DA65E22173628C008B9E06 /* PostMishone */,
				57DA65E12173628C008B9E06 /* Products */,
				E75A84CA55486A039DED647B /* Pods */,
				57E3193D8AEDDE5E51448767 /* Frameworks */,
			);
			sourceTree = "<group>";
		};
		57DA65E12173628C008B9E06 /* Products */ = {
			isa = PBXGroup;
			children = (
				57DA65E02173628C008B9E06 /* PostMishone.app */,
				6C43459521A1000A00B82FCB /* PostMishoneTests.xctest */,
			);
			name = Products;
			sourceTree = "<group>";
		};
		57DA65E22173628C008B9E06 /* PostMishone */ = {
			isa = PBXGroup;
			children = (
				57DA65EA2173628E008B9E06 /* Assets.xcassets */,
				57B533332192DCD6004C89B4 /* Main.storyboard */,
				57DA65E32173628C008B9E06 /* AppDelegate.swift */,
				57DA65E52173628C008B9E06 /* ViewController.swift */,
				57DA65EC2173628E008B9E06 /* LaunchScreen.storyboard */,
				57DA65F921736532008B9E06 /* MainNavigationController.swift */,
				57DA65FB21736538008B9E06 /* LoginViewController.swift */,
				57DA65FF2173716D008B9E06 /* RegisterViewController.swift */,
				6C472E5421A0DD37004BF060 /* GoogleService-Info.plist */,
				57DA65EF2173628E008B9E06 /* Info.plist */,
				57DA66042173E27C008B9E06 /* MainAppScreen.swift */,
				57DA66062173E71A008B9E06 /* MainViewController.swift */,
				57DA660A2173F0FD008B9E06 /* SettingsViewController.swift */,
				57DA66162174320C008B9E06 /* DescribeMissionViewController.swift */,
				57B5332F218EE2CD004C89B4 /* MissionDescriptionViewController.swift */,
				57B533312192D743004C89B4 /* BaseTabBarController.swift */,
				57B533372192ECBB004C89B4 /* MissionsTableViewController.swift */,
				57DA66032173DCFE008B9E06 /* PostMishone.entitlements */,
				57B533392192F1E4004C89B4 /* MyMissionsTableViewController.swift */,
				98338A2A21A5E93800BB31D0 /* ChatTableViewController.swift */,
				98338A2C21A5F5E300BB31D0 /* NewMessageTableViewController.swift */,
				98338A2E21A60BBC00BB31D0 /* ChatLogViewController.swift */,
				9833811721A9DB42007C1673 /* Extensions.swift */,
				9833811921A9E316007C1673 /* UserCell.swift */,
			);
			path = PostMishone;
			sourceTree = "<group>";
		};
		57E3193D8AEDDE5E51448767 /* Frameworks */ = {
			isa = PBXGroup;
			children = (
				ED0D737BD60431C697C0D242 /* Pods_PostMishone.framework */,
				E75CF88EFF3AB5CFF13D3D2D /* Pods_PostMishoneTests.framework */,
			);
			name = Frameworks;
			sourceTree = "<group>";
		};
		E75A84CA55486A039DED647B /* Pods */ = {
			isa = PBXGroup;
			children = (
				CCA40B5F46E43CAFFE6669BA /* Pods-PostMishone.debug.xcconfig */,
				A5CAC99B488AF4732501837D /* Pods-PostMishone.release.xcconfig */,
				085D46E870176043DAA2868A /* Pods-PostMishoneTests.debug.xcconfig */,
				43CF2668F6CC1F0322346541 /* Pods-PostMishoneTests.release.xcconfig */,
			);
			name = Pods;
			sourceTree = "<group>";
		};
/* End PBXGroup section */

/* Begin PBXNativeTarget section */
		57DA65DF2173628C008B9E06 /* PostMishone */ = {
			isa = PBXNativeTarget;
			buildConfigurationList = 57DA65F22173628E008B9E06 /* Build configuration list for PBXNativeTarget "PostMishone" */;
			buildPhases = (
				E8CAA7D4B69A5A21084C2FA7 /* [CP] Check Pods Manifest.lock */,
				57DA65DC2173628C008B9E06 /* Sources */,
				57DA65DD2173628C008B9E06 /* Frameworks */,
				57DA65DE2173628C008B9E06 /* Resources */,
				E91C3B8C0DAFE6C05B33D3E5 /* [CP] Embed Pods Frameworks */,
				8FE6A5EE5DDA4B4D059ADCF7 /* [CP] Copy Pods Resources */,
			);
			buildRules = (
			);
			dependencies = (
			);
			name = PostMishone;
			productName = PostMishone;
			productReference = 57DA65E02173628C008B9E06 /* PostMishone.app */;
			productType = "com.apple.product-type.application";
		};
		6C43459421A1000A00B82FCB /* PostMishoneTests */ = {
			isa = PBXNativeTarget;
			buildConfigurationList = 6C43459E21A1000A00B82FCB /* Build configuration list for PBXNativeTarget "PostMishoneTests" */;
			buildPhases = (
				29D6388DF149E9AF640CE8D5 /* [CP] Check Pods Manifest.lock */,
				6C43459121A1000A00B82FCB /* Sources */,
				6C43459221A1000A00B82FCB /* Frameworks */,
				6C43459321A1000A00B82FCB /* Resources */,
				C9B5B401754ABA85B061BF83 /* [CP] Embed Pods Frameworks */,
			);
			buildRules = (
			);
			dependencies = (
				6C43459B21A1000A00B82FCB /* PBXTargetDependency */,
			);
			name = PostMishoneTests;
			productName = PostMishoneTests;
			productReference = 6C43459521A1000A00B82FCB /* PostMishoneTests.xctest */;
			productType = "com.apple.product-type.bundle.unit-test";
		};
/* End PBXNativeTarget section */

/* Begin PBXProject section */
		57DA65D82173628C008B9E06 /* Project object */ = {
			isa = PBXProject;
			attributes = {
				LastSwiftUpdateCheck = 1010;
				LastUpgradeCheck = 1000;
				ORGANIZATIONNAME = "Victor Liang";
				TargetAttributes = {
					57DA65DF2173628C008B9E06 = {
						CreatedOnToolsVersion = 10.0;
						SystemCapabilities = {
							com.apple.Keychain = {
								enabled = 1;
							};
						};
					};
					6C43459421A1000A00B82FCB = {
						CreatedOnToolsVersion = 10.1;
						TestTargetID = 57DA65DF2173628C008B9E06;
					};
				};
			};
			buildConfigurationList = 57DA65DB2173628C008B9E06 /* Build configuration list for PBXProject "PostMishone" */;
			compatibilityVersion = "Xcode 9.3";
			developmentRegion = en;
			hasScannedForEncodings = 0;
			knownRegions = (
				en,
				Base,
			);
			mainGroup = 57DA65D72173628C008B9E06;
			productRefGroup = 57DA65E12173628C008B9E06 /* Products */;
			projectDirPath = "";
			projectRoot = "";
			targets = (
				57DA65DF2173628C008B9E06 /* PostMishone */,
				6C43459421A1000A00B82FCB /* PostMishoneTests */,
			);
		};
/* End PBXProject section */

/* Begin PBXResourcesBuildPhase section */
		57DA65DE2173628C008B9E06 /* Resources */ = {
			isa = PBXResourcesBuildPhase;
			buildActionMask = 2147483647;
			files = (
				57DA65EE2173628E008B9E06 /* LaunchScreen.storyboard in Resources */,
				6C472E5521A0DD37004BF060 /* GoogleService-Info.plist in Resources */,
				57DA65EB2173628E008B9E06 /* Assets.xcassets in Resources */,
				57B533342192DCD6004C89B4 /* Main.storyboard in Resources */,
			);
			runOnlyForDeploymentPostprocessing = 0;
		};
		6C43459321A1000A00B82FCB /* Resources */ = {
			isa = PBXResourcesBuildPhase;
			buildActionMask = 2147483647;
			files = (
			);
			runOnlyForDeploymentPostprocessing = 0;
		};
/* End PBXResourcesBuildPhase section */

/* Begin PBXShellScriptBuildPhase section */
		29D6388DF149E9AF640CE8D5 /* [CP] Check Pods Manifest.lock */ = {
			isa = PBXShellScriptBuildPhase;
			buildActionMask = 2147483647;
			files = (
			);
			inputFileListPaths = (
			);
			inputPaths = (
				"${PODS_PODFILE_DIR_PATH}/Podfile.lock",
				"${PODS_ROOT}/Manifest.lock",
			);
			name = "[CP] Check Pods Manifest.lock";
			outputFileListPaths = (
			);
			outputPaths = (
				"$(DERIVED_FILE_DIR)/Pods-PostMishoneTests-checkManifestLockResult.txt",
			);
			runOnlyForDeploymentPostprocessing = 0;
			shellPath = /bin/sh;
			shellScript = "diff \"${PODS_PODFILE_DIR_PATH}/Podfile.lock\" \"${PODS_ROOT}/Manifest.lock\" > /dev/null\nif [ $? != 0 ] ; then\n    # print error to STDERR\n    echo \"error: The sandbox is not in sync with the Podfile.lock. Run 'pod install' or update your CocoaPods installation.\" >&2\n    exit 1\nfi\n# This output is used by Xcode 'outputs' to avoid re-running this script phase.\necho \"SUCCESS\" > \"${SCRIPT_OUTPUT_FILE_0}\"\n";
			showEnvVarsInLog = 0;
		};
		8FE6A5EE5DDA4B4D059ADCF7 /* [CP] Copy Pods Resources */ = {
			isa = PBXShellScriptBuildPhase;
			buildActionMask = 2147483647;
			files = (
			);
			inputFileListPaths = (
			);
			inputPaths = (
				"${SRCROOT}/Pods/Target Support Files/Pods-PostMishone/Pods-PostMishone-resources.sh",
				"${PODS_ROOT}/GoogleSignIn/Resources/GoogleSignIn.bundle",
			);
			name = "[CP] Copy Pods Resources";
			outputFileListPaths = (
			);
			outputPaths = (
				"${TARGET_BUILD_DIR}/${UNLOCALIZED_RESOURCES_FOLDER_PATH}/GoogleSignIn.bundle",
			);
			runOnlyForDeploymentPostprocessing = 0;
			shellPath = /bin/sh;
			shellScript = "\"${SRCROOT}/Pods/Target Support Files/Pods-PostMishone/Pods-PostMishone-resources.sh\"\n";
			showEnvVarsInLog = 0;
		};
		C9B5B401754ABA85B061BF83 /* [CP] Embed Pods Frameworks */ = {
			isa = PBXShellScriptBuildPhase;
			buildActionMask = 2147483647;
			files = (
			);
			inputFileListPaths = (
			);
			inputPaths = (
				"${SRCROOT}/Pods/Target Support Files/Pods-PostMishoneTests/Pods-PostMishoneTests-frameworks.sh",
				"${BUILT_PRODUCTS_DIR}/GoogleUtilities-00567490/GoogleUtilities.framework",
				"${BUILT_PRODUCTS_DIR}/nanopb/nanopb.framework",
			);
			name = "[CP] Embed Pods Frameworks";
			outputFileListPaths = (
			);
			outputPaths = (
				"${TARGET_BUILD_DIR}/${FRAMEWORKS_FOLDER_PATH}/GoogleUtilities.framework",
				"${TARGET_BUILD_DIR}/${FRAMEWORKS_FOLDER_PATH}/nanopb.framework",
			);
			runOnlyForDeploymentPostprocessing = 0;
			shellPath = /bin/sh;
			shellScript = "\"${SRCROOT}/Pods/Target Support Files/Pods-PostMishoneTests/Pods-PostMishoneTests-frameworks.sh\"\n";
			showEnvVarsInLog = 0;
		};
		E8CAA7D4B69A5A21084C2FA7 /* [CP] Check Pods Manifest.lock */ = {
			isa = PBXShellScriptBuildPhase;
			buildActionMask = 2147483647;
			files = (
			);
			inputFileListPaths = (
			);
			inputPaths = (
				"${PODS_PODFILE_DIR_PATH}/Podfile.lock",
				"${PODS_ROOT}/Manifest.lock",
			);
			name = "[CP] Check Pods Manifest.lock";
			outputFileListPaths = (
			);
			outputPaths = (
				"$(DERIVED_FILE_DIR)/Pods-PostMishone-checkManifestLockResult.txt",
			);
			runOnlyForDeploymentPostprocessing = 0;
			shellPath = /bin/sh;
			shellScript = "diff \"${PODS_PODFILE_DIR_PATH}/Podfile.lock\" \"${PODS_ROOT}/Manifest.lock\" > /dev/null\nif [ $? != 0 ] ; then\n    # print error to STDERR\n    echo \"error: The sandbox is not in sync with the Podfile.lock. Run 'pod install' or update your CocoaPods installation.\" >&2\n    exit 1\nfi\n# This output is used by Xcode 'outputs' to avoid re-running this script phase.\necho \"SUCCESS\" > \"${SCRIPT_OUTPUT_FILE_0}\"\n";
			showEnvVarsInLog = 0;
		};
		E91C3B8C0DAFE6C05B33D3E5 /* [CP] Embed Pods Frameworks */ = {
			isa = PBXShellScriptBuildPhase;
			buildActionMask = 2147483647;
			files = (
			);
			inputFileListPaths = (
			);
			inputPaths = (
				"${SRCROOT}/Pods/Target Support Files/Pods-PostMishone/Pods-PostMishone-frameworks.sh",
				"${BUILT_PRODUCTS_DIR}/GTMOAuth2/GTMOAuth2.framework",
				"${BUILT_PRODUCTS_DIR}/GTMSessionFetcher/GTMSessionFetcher.framework",
				"${BUILT_PRODUCTS_DIR}/GoogleToolboxForMac/GoogleToolboxForMac.framework",
				"${BUILT_PRODUCTS_DIR}/GoogleUtilities-Environment-Logger/GoogleUtilities.framework",
				"${BUILT_PRODUCTS_DIR}/SVProgressHUD/SVProgressHUD.framework",
				"${BUILT_PRODUCTS_DIR}/leveldb-library/leveldb.framework",
			);
			name = "[CP] Embed Pods Frameworks";
			outputFileListPaths = (
			);
			outputPaths = (
				"${TARGET_BUILD_DIR}/${FRAMEWORKS_FOLDER_PATH}/GTMOAuth2.framework",
				"${TARGET_BUILD_DIR}/${FRAMEWORKS_FOLDER_PATH}/GTMSessionFetcher.framework",
				"${TARGET_BUILD_DIR}/${FRAMEWORKS_FOLDER_PATH}/GoogleToolboxForMac.framework",
				"${TARGET_BUILD_DIR}/${FRAMEWORKS_FOLDER_PATH}/GoogleUtilities.framework",
				"${TARGET_BUILD_DIR}/${FRAMEWORKS_FOLDER_PATH}/SVProgressHUD.framework",
				"${TARGET_BUILD_DIR}/${FRAMEWORKS_FOLDER_PATH}/leveldb.framework",
			);
			runOnlyForDeploymentPostprocessing = 0;
			shellPath = /bin/sh;
			shellScript = "\"${SRCROOT}/Pods/Target Support Files/Pods-PostMishone/Pods-PostMishone-frameworks.sh\"\n";
			showEnvVarsInLog = 0;
		};
/* End PBXShellScriptBuildPhase section */

/* Begin PBXSourcesBuildPhase section */
		57DA65DC2173628C008B9E06 /* Sources */ = {
			isa = PBXSourcesBuildPhase;
			buildActionMask = 2147483647;
			files = (
				57B533322192D743004C89B4 /* BaseTabBarController.swift in Sources */,
				57DA66072173E71A008B9E06 /* MainViewController.swift in Sources */,
				57DA66052173E27C008B9E06 /* MainAppScreen.swift in Sources */,
				57DA65FC21736538008B9E06 /* LoginViewController.swift in Sources */,
				98338A2D21A5F5E300BB31D0 /* NewMessageTableViewController.swift in Sources */,
				57B533382192ECBB004C89B4 /* MissionsTableViewController.swift in Sources */,
				57DA66002173716D008B9E06 /* RegisterViewController.swift in Sources */,
				57DA65FA21736532008B9E06 /* MainNavigationController.swift in Sources */,
				98338A2F21A60BBC00BB31D0 /* ChatLogViewController.swift in Sources */,
				57DA65E62173628C008B9E06 /* ViewController.swift in Sources */,
				57B53330218EE2CD004C89B4 /* MissionDescriptionViewController.swift in Sources */,
				57DA66172174320C008B9E06 /* DescribeMissionViewController.swift in Sources */,
				57DA65E42173628C008B9E06 /* AppDelegate.swift in Sources */,
				57B5333A2192F1E4004C89B4 /* MyMissionsTableViewController.swift in Sources */,
				9833811A21A9E316007C1673 /* UserCell.swift in Sources */,
				9833811821A9DB43007C1673 /* Extensions.swift in Sources */,
				57DA660B2173F0FD008B9E06 /* SettingsViewController.swift in Sources */,
				98338A2B21A5E93800BB31D0 /* ChatTableViewController.swift in Sources */,
			);
			runOnlyForDeploymentPostprocessing = 0;
		};
		6C43459121A1000A00B82FCB /* Sources */ = {
			isa = PBXSourcesBuildPhase;
			buildActionMask = 2147483647;
			files = (
			);
			runOnlyForDeploymentPostprocessing = 0;
		};
/* End PBXSourcesBuildPhase section */

/* Begin PBXTargetDependency section */
		6C43459B21A1000A00B82FCB /* PBXTargetDependency */ = {
			isa = PBXTargetDependency;
			target = 57DA65DF2173628C008B9E06 /* PostMishone */;
			targetProxy = 6C43459A21A1000A00B82FCB /* PBXContainerItemProxy */;
		};
/* End PBXTargetDependency section */

/* Begin PBXVariantGroup section */
		57DA65EC2173628E008B9E06 /* LaunchScreen.storyboard */ = {
			isa = PBXVariantGroup;
			children = (
				57DA65ED2173628E008B9E06 /* Base */,
			);
			name = LaunchScreen.storyboard;
			sourceTree = "<group>";
		};
/* End PBXVariantGroup section */

/* Begin XCBuildConfiguration section */
		57DA65F02173628E008B9E06 /* Debug */ = {
			isa = XCBuildConfiguration;
			buildSettings = {
				ALWAYS_SEARCH_USER_PATHS = NO;
				CLANG_ANALYZER_NONNULL = YES;
				CLANG_ANALYZER_NUMBER_OBJECT_CONVERSION = YES_AGGRESSIVE;
				CLANG_CXX_LANGUAGE_STANDARD = "gnu++14";
				CLANG_CXX_LIBRARY = "libc++";
				CLANG_ENABLE_MODULES = YES;
				CLANG_ENABLE_OBJC_ARC = YES;
				CLANG_ENABLE_OBJC_WEAK = YES;
				CLANG_WARN_BLOCK_CAPTURE_AUTORELEASING = YES;
				CLANG_WARN_BOOL_CONVERSION = YES;
				CLANG_WARN_COMMA = YES;
				CLANG_WARN_CONSTANT_CONVERSION = YES;
				CLANG_WARN_DEPRECATED_OBJC_IMPLEMENTATIONS = YES;
				CLANG_WARN_DIRECT_OBJC_ISA_USAGE = YES_ERROR;
				CLANG_WARN_DOCUMENTATION_COMMENTS = YES;
				CLANG_WARN_EMPTY_BODY = YES;
				CLANG_WARN_ENUM_CONVERSION = YES;
				CLANG_WARN_INFINITE_RECURSION = YES;
				CLANG_WARN_INT_CONVERSION = YES;
				CLANG_WARN_NON_LITERAL_NULL_CONVERSION = YES;
				CLANG_WARN_OBJC_IMPLICIT_RETAIN_SELF = YES;
				CLANG_WARN_OBJC_LITERAL_CONVERSION = YES;
				CLANG_WARN_OBJC_ROOT_CLASS = YES_ERROR;
				CLANG_WARN_RANGE_LOOP_ANALYSIS = YES;
				CLANG_WARN_STRICT_PROTOTYPES = YES;
				CLANG_WARN_SUSPICIOUS_MOVE = YES;
				CLANG_WARN_UNGUARDED_AVAILABILITY = YES_AGGRESSIVE;
				CLANG_WARN_UNREACHABLE_CODE = YES;
				CLANG_WARN__DUPLICATE_METHOD_MATCH = YES;
				CODE_SIGN_IDENTITY = "iPhone Developer";
				COPY_PHASE_STRIP = NO;
				DEBUG_INFORMATION_FORMAT = dwarf;
				ENABLE_STRICT_OBJC_MSGSEND = YES;
				ENABLE_TESTABILITY = YES;
				GCC_C_LANGUAGE_STANDARD = gnu11;
				GCC_DYNAMIC_NO_PIC = NO;
				GCC_NO_COMMON_BLOCKS = YES;
				GCC_OPTIMIZATION_LEVEL = 0;
				GCC_PREPROCESSOR_DEFINITIONS = (
					"DEBUG=1",
					"$(inherited)",
				);
				GCC_WARN_64_TO_32_BIT_CONVERSION = YES;
				GCC_WARN_ABOUT_RETURN_TYPE = YES_ERROR;
				GCC_WARN_UNDECLARED_SELECTOR = YES;
				GCC_WARN_UNINITIALIZED_AUTOS = YES_AGGRESSIVE;
				GCC_WARN_UNUSED_FUNCTION = YES;
				GCC_WARN_UNUSED_VARIABLE = YES;
				IPHONEOS_DEPLOYMENT_TARGET = 12.0;
				MTL_ENABLE_DEBUG_INFO = INCLUDE_SOURCE;
				MTL_FAST_MATH = YES;
				ONLY_ACTIVE_ARCH = YES;
				SDKROOT = iphoneos;
				SWIFT_ACTIVE_COMPILATION_CONDITIONS = DEBUG;
				SWIFT_OPTIMIZATION_LEVEL = "-Onone";
			};
			name = Debug;
		};
		57DA65F12173628E008B9E06 /* Release */ = {
			isa = XCBuildConfiguration;
			buildSettings = {
				ALWAYS_SEARCH_USER_PATHS = NO;
				CLANG_ANALYZER_NONNULL = YES;
				CLANG_ANALYZER_NUMBER_OBJECT_CONVERSION = YES_AGGRESSIVE;
				CLANG_CXX_LANGUAGE_STANDARD = "gnu++14";
				CLANG_CXX_LIBRARY = "libc++";
				CLANG_ENABLE_MODULES = YES;
				CLANG_ENABLE_OBJC_ARC = YES;
				CLANG_ENABLE_OBJC_WEAK = YES;
				CLANG_WARN_BLOCK_CAPTURE_AUTORELEASING = YES;
				CLANG_WARN_BOOL_CONVERSION = YES;
				CLANG_WARN_COMMA = YES;
				CLANG_WARN_CONSTANT_CONVERSION = YES;
				CLANG_WARN_DEPRECATED_OBJC_IMPLEMENTATIONS = YES;
				CLANG_WARN_DIRECT_OBJC_ISA_USAGE = YES_ERROR;
				CLANG_WARN_DOCUMENTATION_COMMENTS = YES;
				CLANG_WARN_EMPTY_BODY = YES;
				CLANG_WARN_ENUM_CONVERSION = YES;
				CLANG_WARN_INFINITE_RECURSION = YES;
				CLANG_WARN_INT_CONVERSION = YES;
				CLANG_WARN_NON_LITERAL_NULL_CONVERSION = YES;
				CLANG_WARN_OBJC_IMPLICIT_RETAIN_SELF = YES;
				CLANG_WARN_OBJC_LITERAL_CONVERSION = YES;
				CLANG_WARN_OBJC_ROOT_CLASS = YES_ERROR;
				CLANG_WARN_RANGE_LOOP_ANALYSIS = YES;
				CLANG_WARN_STRICT_PROTOTYPES = YES;
				CLANG_WARN_SUSPICIOUS_MOVE = YES;
				CLANG_WARN_UNGUARDED_AVAILABILITY = YES_AGGRESSIVE;
				CLANG_WARN_UNREACHABLE_CODE = YES;
				CLANG_WARN__DUPLICATE_METHOD_MATCH = YES;
				CODE_SIGN_IDENTITY = "iPhone Developer";
				COPY_PHASE_STRIP = NO;
				DEBUG_INFORMATION_FORMAT = "dwarf-with-dsym";
				ENABLE_NS_ASSERTIONS = NO;
				ENABLE_STRICT_OBJC_MSGSEND = YES;
				GCC_C_LANGUAGE_STANDARD = gnu11;
				GCC_NO_COMMON_BLOCKS = YES;
				GCC_WARN_64_TO_32_BIT_CONVERSION = YES;
				GCC_WARN_ABOUT_RETURN_TYPE = YES_ERROR;
				GCC_WARN_UNDECLARED_SELECTOR = YES;
				GCC_WARN_UNINITIALIZED_AUTOS = YES_AGGRESSIVE;
				GCC_WARN_UNUSED_FUNCTION = YES;
				GCC_WARN_UNUSED_VARIABLE = YES;
				IPHONEOS_DEPLOYMENT_TARGET = 12.0;
				MTL_ENABLE_DEBUG_INFO = NO;
				MTL_FAST_MATH = YES;
				SDKROOT = iphoneos;
				SWIFT_COMPILATION_MODE = wholemodule;
				SWIFT_OPTIMIZATION_LEVEL = "-O";
				VALIDATE_PRODUCT = YES;
			};
			name = Release;
		};
		57DA65F32173628E008B9E06 /* Debug */ = {
			isa = XCBuildConfiguration;
			baseConfigurationReference = CCA40B5F46E43CAFFE6669BA /* Pods-PostMishone.debug.xcconfig */;
			buildSettings = {
				ASSETCATALOG_COMPILER_APPICON_NAME = AppIcon;
				CODE_SIGN_ENTITLEMENTS = PostMishone/PostMishone.entitlements;
				CODE_SIGN_STYLE = Automatic;
				DEVELOPMENT_TEAM = 62Y272VFVK;
				INFOPLIST_FILE = PostMishone/Info.plist;
				IPHONEOS_DEPLOYMENT_TARGET = 12.0;
				LD_RUNPATH_SEARCH_PATHS = (
					"$(inherited)",
					"@executable_path/Frameworks",
				);
				PRODUCT_BUNDLE_IDENTIFIER = com.vitol.PostMishone10;
				PRODUCT_NAME = "$(TARGET_NAME)";
				SWIFT_VERSION = 4.2;
				TARGETED_DEVICE_FAMILY = "1,2";
			};
			name = Debug;
		};
		57DA65F42173628E008B9E06 /* Release */ = {
			isa = XCBuildConfiguration;
			baseConfigurationReference = A5CAC99B488AF4732501837D /* Pods-PostMishone.release.xcconfig */;
			buildSettings = {
				ASSETCATALOG_COMPILER_APPICON_NAME = AppIcon;
				CODE_SIGN_ENTITLEMENTS = PostMishone/PostMishone.entitlements;
				CODE_SIGN_STYLE = Automatic;
				DEVELOPMENT_TEAM = 62Y272VFVK;
				INFOPLIST_FILE = PostMishone/Info.plist;
				IPHONEOS_DEPLOYMENT_TARGET = 12.0;
				LD_RUNPATH_SEARCH_PATHS = (
					"$(inherited)",
					"@executable_path/Frameworks",
				);
				PRODUCT_BUNDLE_IDENTIFIER = com.vitol.PostMishone10;
				PRODUCT_NAME = "$(TARGET_NAME)";
				SWIFT_VERSION = 4.2;
				TARGETED_DEVICE_FAMILY = "1,2";
			};
			name = Release;
		};
		6C43459C21A1000A00B82FCB /* Debug */ = {
			isa = XCBuildConfiguration;
			baseConfigurationReference = 085D46E870176043DAA2868A /* Pods-PostMishoneTests.debug.xcconfig */;
			buildSettings = {
				BUNDLE_LOADER = "$(TEST_HOST)";
				CODE_SIGN_STYLE = Automatic;
				DEVELOPMENT_TEAM = 7698B5F9DT;
				INFOPLIST_FILE = PostMishoneTests/Info.plist;
				IPHONEOS_DEPLOYMENT_TARGET = 12.1;
				LD_RUNPATH_SEARCH_PATHS = (
					"$(inherited)",
					"@executable_path/Frameworks",
					"@loader_path/Frameworks",
				);
				PRODUCT_BUNDLE_IDENTIFIER = vitol.PostMishoneTests;
				PRODUCT_NAME = "$(TARGET_NAME)";
				SWIFT_VERSION = 4.2;
				TARGETED_DEVICE_FAMILY = "1,2";
				TEST_HOST = "$(BUILT_PRODUCTS_DIR)/PostMishone.app/PostMishone";
			};
			name = Debug;
		};
		6C43459D21A1000A00B82FCB /* Release */ = {
			isa = XCBuildConfiguration;
			baseConfigurationReference = 43CF2668F6CC1F0322346541 /* Pods-PostMishoneTests.release.xcconfig */;
			buildSettings = {
				BUNDLE_LOADER = "$(TEST_HOST)";
				CODE_SIGN_STYLE = Automatic;
				DEVELOPMENT_TEAM = 7698B5F9DT;
				INFOPLIST_FILE = PostMishoneTests/Info.plist;
				IPHONEOS_DEPLOYMENT_TARGET = 12.1;
				LD_RUNPATH_SEARCH_PATHS = (
					"$(inherited)",
					"@executable_path/Frameworks",
					"@loader_path/Frameworks",
				);
				PRODUCT_BUNDLE_IDENTIFIER = vitol.PostMishoneTests;
				PRODUCT_NAME = "$(TARGET_NAME)";
				SWIFT_VERSION = 4.2;
				TARGETED_DEVICE_FAMILY = "1,2";
				TEST_HOST = "$(BUILT_PRODUCTS_DIR)/PostMishone.app/PostMishone";
			};
			name = Release;
		};
/* End XCBuildConfiguration section */

/* Begin XCConfigurationList section */
		57DA65DB2173628C008B9E06 /* Build configuration list for PBXProject "PostMishone" */ = {
			isa = XCConfigurationList;
			buildConfigurations = (
				57DA65F02173628E008B9E06 /* Debug */,
				57DA65F12173628E008B9E06 /* Release */,
			);
			defaultConfigurationIsVisible = 0;
			defaultConfigurationName = Release;
		};
		57DA65F22173628E008B9E06 /* Build configuration list for PBXNativeTarget "PostMishone" */ = {
			isa = XCConfigurationList;
			buildConfigurations = (
				57DA65F32173628E008B9E06 /* Debug */,
				57DA65F42173628E008B9E06 /* Release */,
			);
			defaultConfigurationIsVisible = 0;
			defaultConfigurationName = Release;
		};
		6C43459E21A1000A00B82FCB /* Build configuration list for PBXNativeTarget "PostMishoneTests" */ = {
			isa = XCConfigurationList;
			buildConfigurations = (
				6C43459C21A1000A00B82FCB /* Debug */,
				6C43459D21A1000A00B82FCB /* Release */,
			);
			defaultConfigurationIsVisible = 0;
			defaultConfigurationName = Release;
		};
/* End XCConfigurationList section */
	};
	rootObject = 57DA65D82173628C008B9E06 /* Project object */;
}
